// !$*UTF8*$!
{
	archiveVersion = 1;
	classes = {
	};
	objectVersion = 48;
	objects = {

/* Begin PBXBuildFile section */
		93FA2E671F87FE7D006B9434 /* AppDelegate.swift in Sources */ = {isa = PBXBuildFile; fileRef = 93FA2E661F87FE7D006B9434 /* AppDelegate.swift */; };
		93FA2E691F87FE7D006B9434 /* ViewController.swift in Sources */ = {isa = PBXBuildFile; fileRef = 93FA2E681F87FE7D006B9434 /* ViewController.swift */; };
		93FA2E6C1F87FE7D006B9434 /* Main.storyboard in Resources */ = {isa = PBXBuildFile; fileRef = 93FA2E6A1F87FE7D006B9434 /* Main.storyboard */; };
		93FA2E6E1F87FE7D006B9434 /* Assets.xcassets in Resources */ = {isa = PBXBuildFile; fileRef = 93FA2E6D1F87FE7D006B9434 /* Assets.xcassets */; };
		93FA2E711F87FE7D006B9434 /* LaunchScreen.storyboard in Resources */ = {isa = PBXBuildFile; fileRef = 93FA2E6F1F87FE7D006B9434 /* LaunchScreen.storyboard */; };
/* End PBXBuildFile section */

/* Begin PBXFileReference section */
		93FA2E631F87FE7D006B9434 /* SecretDiary.app */ = {isa = PBXFileReference; explicitFileType = wrapper.application; includeInIndex = 0; path = SecretDiary.app; sourceTree = BUILT_PRODUCTS_DIR; };
		93FA2E661F87FE7D006B9434 /* AppDelegate.swift */ = {isa = PBXFileReference; lastKnownFileType = sourcecode.swift; path = AppDelegate.swift; sourceTree = "<group>"; };
		93FA2E681F87FE7D006B9434 /* ViewController.swift */ = {isa = PBXFileReference; lastKnownFileType = sourcecode.swift; path = ViewController.swift; sourceTree = "<group>"; };
		93FA2E6B1F87FE7D006B9434 /* Base */ = {isa = PBXFileReference; lastKnownFileType = file.storyboard; name = Base; path = Base.lproj/Main.storyboard; sourceTree = "<group>"; };
		93FA2E6D1F87FE7D006B9434 /* Assets.xcassets */ = {isa = PBXFileReference; lastKnownFileType = folder.assetcatalog; path = Assets.xcassets; sourceTree = "<group>"; };
		93FA2E701F87FE7D006B9434 /* Base */ = {isa = PBXFileReference; lastKnownFileType = file.storyboard; name = Base; path = Base.lproj/LaunchScreen.storyboard; sourceTree = "<group>"; };
		93FA2E721F87FE7D006B9434 /* Info.plist */ = {isa = PBXFileReference; lastKnownFileType = text.plist.xml; path = Info.plist; sourceTree = "<group>"; };
/* End PBXFileReference section */

/* Begin PBXFrameworksBuildPhase section */
		93FA2E601F87FE7D006B9434 /* Frameworks */ = {
			isa = PBXFrameworksBuildPhase;
			buildActionMask = 2147483647;
			files = (
			);
			runOnlyForDeploymentPostprocessing = 0;
		};
/* End PBXFrameworksBuildPhase section */

/* Begin PBXGroup section */
		93FA2E5A1F87FE7D006B9434 = {
			isa = PBXGroup;
			children = (
				93FA2E651F87FE7D006B9434 /* SecretDiary */,
				93FA2E641F87FE7D006B9434 /* Products */,
			);
			sourceTree = "<group>";
		};
		93FA2E641F87FE7D006B9434 /* Products */ = {
			isa = PBXGroup;
			children = (
				93FA2E631F87FE7D006B9434 /* SecretDiary.app */,
			);
			name = Products;
			sourceTree = "<group>";
		};
		93FA2E651F87FE7D006B9434 /* SecretDiary */ = {
			isa = PBXGroup;
			children = (
				93FA2E661F87FE7D006B9434 /* AppDelegate.swift */,
				93FA2E681F87FE7D006B9434 /* ViewController.swift */,
				93FA2E6A1F87FE7D006B9434 /* Main.storyboard */,
				93FA2E6D1F87FE7D006B9434 /* Assets.xcassets */,
				93FA2E6F1F87FE7D006B9434 /* LaunchScreen.storyboard */,
				93FA2E721F87FE7D006B9434 /* Info.plist */,
			);
			path = SecretDiary;
			sourceTree = "<group>";
		};
/* End PBXGroup section */

/* Begin PBXNativeTarget section */
		93FA2E621F87FE7D006B9434 /* SecretDiary */ = {
			isa = PBXNativeTarget;
			buildConfigurationList = 93FA2E751F87FE7D006B9434 /* Build configuration list for PBXNativeTarget "SecretDiary" */;
			buildPhases = (
				93FA2E5F1F87FE7D006B9434 /* Sources */,
				93FA2E601F87FE7D006B9434 /* Frameworks */,
				93FA2E611F87FE7D006B9434 /* Resources */,
			);
			buildRules = (
			);
			dependencies = (
			);
			name = SecretDiary;
			productName = SecretDiary;
			productReference = 93FA2E631F87FE7D006B9434 /* SecretDiary.app */;
			productType = "com.apple.product-type.application";
		};
/* End PBXNativeTarget section */

/* Begin PBXProject section */
		93FA2E5B1F87FE7D006B9434 /* Project object */ = {
			isa = PBXProject;
			attributes = {
				LastSwiftUpdateCheck = 0900;
				LastUpgradeCheck = 0900;
				ORGANIZATIONNAME = "Ｍason Chang";
				TargetAttributes = {
					93FA2E621F87FE7D006B9434 = {
						CreatedOnToolsVersion = 9.0;
						ProvisioningStyle = Automatic;
					};
				};
			};
			buildConfigurationList = 93FA2E5E1F87FE7D006B9434 /* Build configuration list for PBXProject "SecretDiary" */;
			compatibilityVersion = "Xcode 8.0";
			developmentRegion = en;
			hasScannedForEncodings = 0;
			knownRegions = (
				en,
				Base,
			);
			mainGroup = 93FA2E5A1F87FE7D006B9434;
			productRefGroup = 93FA2E641F87FE7D006B9434 /* Products */;
			projectDirPath = "";
			projectRoot = "";
			targets = (
				93FA2E621F87FE7D006B9434 /* SecretDiary */,
			);
		};
/* End PBXProject section */

/* Begin PBXResourcesBuildPhase section */
		93FA2E611F87FE7D006B9434 /* Resources */ = {
			isa = PBXResourcesBuildPhase;
			buildActionMask = 2147483647;
			files = (
				93FA2E711F87FE7D006B9434 /* LaunchScreen.storyboard in Resources */,
				93FA2E6E1F87FE7D006B9434 /* Assets.xcassets in Resources */,
				93FA2E6C1F87FE7D006B9434 /* Main.storyboard in Resources */,
			);
			runOnlyForDeploymentPostprocessing = 0;
		};
/* End PBXResourcesBuildPhase section */

/* Begin PBXSourcesBuildPhase section */
		93FA2E5F1F87FE7D006B9434 /* Sources */ = {
			isa = PBXSourcesBuildPhase;
			buildActionMask = 2147483647;
			files = (
				93FA2E691F87FE7D006B9434 /* ViewController.swift in Sources */,
				93FA2E671F87FE7D006B9434 /* AppDelegate.swift in Sources */,
			);
			runOnlyForDeploymentPostprocessing = 0;
		};
/* End PBXSourcesBuildPhase section */

/* Begin PBXVariantGroup section */
		93FA2E6A1F87FE7D006B9434 /* Main.storyboard */ = {
			isa = PBXVariantGroup;
			children = (
				93FA2E6B1F87FE7D006B9434 /* Base */,
			);
			name = Main.storyboard;
			sourceTree = "<group>";
		};
		93FA2E6F1F87FE7D006B9434 /* LaunchScreen.storyboard */ = {
			isa = PBXVariantGroup;
			children = (
				93FA2E701F87FE7D006B9434 /* Base */,
			);
			name = LaunchScreen.storyboard;
			sourceTree = "<group>";
		};
/* End PBXVariantGroup section */

/* Begin XCBuildConfiguration section */
		93FA2E731F87FE7D006B9434 /* Debug */ = {
			isa = XCBuildConfiguration;
			buildSettings = {
				ALWAYS_SEARCH_USER_PATHS = NO;
				CLANG_ANALYZER_NONNULL = YES;
				CLANG_ANALYZER_NUMBER_OBJECT_CONVERSION = YES_AGGRESSIVE;
				CLANG_CXX_LANGUAGE_STANDARD = "gnu++14";
				CLANG_CXX_LIBRARY = "libc++";
				CLANG_ENABLE_MODULES = YES;
				CLANG_ENABLE_OBJC_ARC = YES;
				CLANG_WARN_BLOCK_CAPTURE_AUTORELEASING = YES;
				CLANG_WARN_BOOL_CONVERSION = YES;
				CLANG_WARN_COMMA = YES;
				CLANG_WARN_CONSTANT_CONVERSION = YES;
				CLANG_WARN_DIRECT_OBJC_ISA_USAGE = YES_ERROR;
				CLANG_WARN_DOCUMENTATION_COMMENTS = YES;
				CLANG_WARN_EMPTY_BODY = YES;
				CLANG_WARN_ENUM_CONVERSION = YES;
				CLANG_WARN_INFINITE_RECURSION = YES;
				CLANG_WARN_INT_CONVERSION = YES;
				CLANG_WARN_NON_LITERAL_NULL_CONVERSION = YES;
				CLANG_WARN_OBJC_LITERAL_CONVERSION = YES;
				CLANG_WARN_OBJC_ROOT_CLASS = YES_ERROR;
				CLANG_WARN_RANGE_LOOP_ANALYSIS = YES;
				CLANG_WARN_STRICT_PROTOTYPES = YES;
				CLANG_WARN_SUSPICIOUS_MOVE = YES;
				CLANG_WARN_UNGUARDED_AVAILABILITY = YES_AGGRESSIVE;
				CLANG_WARN_UNREACHABLE_CODE = YES;
				CLANG_WARN__DUPLICATE_METHOD_MATCH = YES;
				CODE_SIGN_IDENTITY = "iPhone Developer";
				COPY_PHASE_STRIP = NO;
				DEBUG_INFORMATION_FORMAT = dwarf;
				ENABLE_STRICT_OBJC_MSGSEND = YES;
				ENABLE_TESTABILITY = YES;
				GCC_C_LANGUAGE_STANDARD = gnu11;
				GCC_DYNAMIC_NO_PIC = NO;
				GCC_NO_COMMON_BLOCKS = YES;
				GCC_OPTIMIZATION_LEVEL = 0;
				GCC_PREPROCESSOR_DEFINITIONS = (
					"DEBUG=1",
					"$(inherited)",
				);
				GCC_WARN_64_TO_32_BIT_CONVERSION = YES;
				GCC_WARN_ABOUT_RETURN_TYPE = YES_ERROR;
				GCC_WARN_UNDECLARED_SELECTOR = YES;
				GCC_WARN_UNINITIALIZED_AUTOS = YES_AGGRESSIVE;
				GCC_WARN_UNUSED_FUNCTION = YES;
				GCC_WARN_UNUSED_VARIABLE = YES;
				IPHONEOS_DEPLOYMENT_TARGET = 11.0;
				MTL_ENABLE_DEBUG_INFO = YES;
				ONLY_ACTIVE_ARCH = YES;
				SDKROOT = iphoneos;
				SWIFT_ACTIVE_COMPILATION_CONDITIONS = DEBUG;
				SWIFT_OPTIMIZATION_LEVEL = "-Onone";
			};
			name = Debug;
		};
		93FA2E741F87FE7D006B9434 /* Release */ = {
			isa = XCBuildConfiguration;
			buildSettings = {
				ALWAYS_SEARCH_USER_PATHS = NO;
				CLANG_ANALYZER_NONNULL = YES;
				CLANG_ANALYZER_NUMBER_OBJECT_CONVERSION = YES_AGGRESSIVE;
				CLANG_CXX_LANGUAGE_STANDARD = "gnu++14";
				CLANG_CXX_LIBRARY = "libc++";
				CLANG_ENABLE_MODULES = YES;
				CLANG_ENABLE_OBJC_ARC = YES;
				CLANG_WARN_BLOCK_CAPTURE_AUTORELEASING = YES;
				CLANG_WARN_BOOL_CONVERSION = YES;
				CLANG_WARN_COMMA = YES;
				CLANG_WARN_CONSTANT_CONVERSION = YES;
				CLANG_WARN_DIRECT_OBJC_ISA_USAGE = YES_ERROR;
				CLANG_WARN_DOCUMENTATION_COMMENTS = YES;
				CLANG_WARN_EMPTY_BODY = YES;
				CLANG_WARN_ENUM_CONVERSION = YES;
				CLANG_WARN_INFINITE_RECURSION = YES;
				CLANG_WARN_INT_CONVERSION = YES;
				CLANG_WARN_NON_LITERAL_NULL_CONVERSION = YES;
				CLANG_WARN_OBJC_LITERAL_CONVERSION = YES;
				CLANG_WARN_OBJC_ROOT_CLASS = YES_ERROR;
				CLANG_WARN_RANGE_LOOP_ANALYSIS = YES;
				CLANG_WARN_STRICT_PROTOTYPES = YES;
				CLANG_WARN_SUSPICIOUS_MOVE = YES;
				CLANG_WARN_UNGUARDED_AVAILABILITY = YES_AGGRESSIVE;
				CLANG_WARN_UNREACHABLE_CODE = YES;
				CLANG_WARN__DUPLICATE_METHOD_MATCH = YES;
				CODE_SIGN_IDENTITY = "iPhone Developer";
				COPY_PHASE_STRIP = NO;
				DEBUG_INFORMATION_FORMAT = "dwarf-with-dsym";
				ENABLE_NS_ASSERTIONS = NO;
				ENABLE_STRICT_OBJC_MSGSEND = YES;
				GCC_C_LANGUAGE_STANDARD = gnu11;
				GCC_NO_COMMON_BLOCKS = YES;
				GCC_WARN_64_TO_32_BIT_CONVERSION = YES;
				GCC_WARN_ABOUT_RETURN_TYPE = YES_ERROR;
				GCC_WARN_UNDECLARED_SELECTOR = YES;
				GCC_WARN_UNINITIALIZED_AUTOS = YES_AGGRESSIVE;
				GCC_WARN_UNUSED_FUNCTION = YES;
				GCC_WARN_UNUSED_VARIABLE = YES;
				IPHONEOS_DEPLOYMENT_TARGET = 11.0;
				MTL_ENABLE_DEBUG_INFO = NO;
				SDKROOT = iphoneos;
				SWIFT_OPTIMIZATION_LEVEL = "-Owholemodule";
				VALIDATE_PRODUCT = YES;
			};
			name = Release;
		};
		93FA2E761F87FE7D006B9434 /* Debug */ = {
			isa = XCBuildConfiguration;
			buildSettings = {
				ASSETCATALOG_COMPILER_APPICON_NAME = AppIcon;
				CODE_SIGN_STYLE = Automatic;
				DEVELOPMENT_TEAM = NE9Q8DJEZN;
				INFOPLIST_FILE = SecretDiary/Info.plist;
				LD_RUNPATH_SEARCH_PATHS = "$(inherited) @executable_path/Frameworks";
				PRODUCT_BUNDLE_IDENTIFIER = com.masonchang.SecretDiary;
				PRODUCT_NAME = "$(TARGET_NAME)";
				SWIFT_VERSION = 4.0;
				TARGETED_DEVICE_FAMILY = "1,2";
			};
			name = Debug;
		};
		93FA2E771F87FE7D006B9434 /* Release */ = {
			isa = XCBuildConfiguration;
			buildSettings = {
				ASSETCATALOG_COMPILER_APPICON_NAME = AppIcon;
				CODE_SIGN_STYLE = Automatic;
				DEVELOPMENT_TEAM = NE9Q8DJEZN;
				INFOPLIST_FILE = SecretDiary/Info.plist;
				LD_RUNPATH_SEARCH_PATHS = "$(inherited) @executable_path/Frameworks";
				PRODUCT_BUNDLE_IDENTIFIER = com.masonchang.SecretDiary;
				PRODUCT_NAME = "$(TARGET_NAME)";
				SWIFT_VERSION = 4.0;
				TARGETED_DEVICE_FAMILY = "1,2";
			};
			name = Release;
		};
/* End XCBuildConfiguration section */

/* Begin XCConfigurationList section */
		93FA2E5E1F87FE7D006B9434 /* Build configuration list for PBXProject "SecretDiary" */ = {
			isa = XCConfigurationList;
			buildConfigurations = (
				93FA2E731F87FE7D006B9434 /* Debug */,
				93FA2E741F87FE7D006B9434 /* Release */,
			);
			defaultConfigurationIsVisible = 0;
			defaultConfigurationName = Release;
		};
		93FA2E751F87FE7D006B9434 /* Build configuration list for PBXNativeTarget "SecretDiary" */ = {
			isa = XCConfigurationList;
			buildConfigurations = (
				93FA2E761F87FE7D006B9434 /* Debug */,
				93FA2E771F87FE7D006B9434 /* Release */,
			);
			defaultConfigurationIsVisible = 0;
			defaultConfigurationName = Release;
		};
/* End XCConfigurationList section */
	};
	rootObject = 93FA2E5B1F87FE7D006B9434 /* Project object */;
}
