// !$*UTF8*$!
{
	archiveVersion = 1;
	classes = {
	};
	objectVersion = 48;
	objects = {

/* Begin PBXBuildFile section */
		9306D9AA1F88E4100012701C /* LoginManager.swift in Sources */ = {isa = PBXBuildFile; fileRef = 9306D9A91F88E4100012701C /* LoginManager.swift */; };
		9306D9AD1F88EB610012701C /* LoginRouter.swift in Sources */ = {isa = PBXBuildFile; fileRef = 9306D9AC1F88EB610012701C /* LoginRouter.swift */; };
		9306D9B21F89133C0012701C /* FBLoginClient.swift in Sources */ = {isa = PBXBuildFile; fileRef = 9306D9B11F89133C0012701C /* FBLoginClient.swift */; };
		9306D9B41F8913480012701C /* GoogleLoginClient.swift in Sources */ = {isa = PBXBuildFile; fileRef = 9306D9B31F8913480012701C /* GoogleLoginClient.swift */; };
		9306D9B61F8915010012701C /* LoginClient.swift in Sources */ = {isa = PBXBuildFile; fileRef = 9306D9B51F8915010012701C /* LoginClient.swift */; };
		9306D9B81F8919EE0012701C /* FBLoginDelegate.swift in Sources */ = {isa = PBXBuildFile; fileRef = 9306D9B71F8919EE0012701C /* FBLoginDelegate.swift */; };
		9306D9BA1F891D800012701C /* FirebaseLoginClient.swift in Sources */ = {isa = PBXBuildFile; fileRef = 9306D9B91F891D800012701C /* FirebaseLoginClient.swift */; };
		9306D9BC1F89256E0012701C /* FirebaseLoginDelegate.swift in Sources */ = {isa = PBXBuildFile; fileRef = 9306D9BB1F89256E0012701C /* FirebaseLoginDelegate.swift */; };
		9306D9BF1F892DEE0012701C /* GoogleService-Info.plist in Resources */ = {isa = PBXBuildFile; fileRef = 9306D9BE1F892DEE0012701C /* GoogleService-Info.plist */; };
		9337D4B11FA2D2E500975C9A /* AddDiaryViewController.swift in Sources */ = {isa = PBXBuildFile; fileRef = 9337D4AF1FA2D2E500975C9A /* AddDiaryViewController.swift */; };
		9337D4B21FA2D2E500975C9A /* AddDiaryViewController.xib in Resources */ = {isa = PBXBuildFile; fileRef = 9337D4B01FA2D2E500975C9A /* AddDiaryViewController.xib */; };
		933E93451F8E096E00C69796 /* DiaryMenuViewController.swift in Sources */ = {isa = PBXBuildFile; fileRef = 933E93441F8E096E00C69796 /* DiaryMenuViewController.swift */; };
		933E93491F8E0A2C00C69796 /* User.swift in Sources */ = {isa = PBXBuildFile; fileRef = 933E93481F8E0A2C00C69796 /* User.swift */; };
		933E934B1F8E0A5A00C69796 /* Diary.swift in Sources */ = {isa = PBXBuildFile; fileRef = 933E934A1F8E0A5A00C69796 /* Diary.swift */; };
		933E934F1F8E171100C69796 /* DiaryCollectionViewCell.swift in Sources */ = {isa = PBXBuildFile; fileRef = 933E934D1F8E171100C69796 /* DiaryCollectionViewCell.swift */; };
		933E93501F8E171100C69796 /* DiaryCollectionViewCell.xib in Resources */ = {isa = PBXBuildFile; fileRef = 933E934E1F8E171100C69796 /* DiaryCollectionViewCell.xib */; };
		936F3B1F1F9DFA5600E90859 /* LineLayout.swift in Sources */ = {isa = PBXBuildFile; fileRef = 936F3B1E1F9DFA5600E90859 /* LineLayout.swift */; };
		93FA2E671F87FE7D006B9434 /* AppDelegate.swift in Sources */ = {isa = PBXBuildFile; fileRef = 93FA2E661F87FE7D006B9434 /* AppDelegate.swift */; };
		93FA2E691F87FE7D006B9434 /* LoginViewController.swift in Sources */ = {isa = PBXBuildFile; fileRef = 93FA2E681F87FE7D006B9434 /* LoginViewController.swift */; };
		93FA2E6C1F87FE7D006B9434 /* Main.storyboard in Resources */ = {isa = PBXBuildFile; fileRef = 93FA2E6A1F87FE7D006B9434 /* Main.storyboard */; };
		93FA2E6E1F87FE7D006B9434 /* Assets.xcassets in Resources */ = {isa = PBXBuildFile; fileRef = 93FA2E6D1F87FE7D006B9434 /* Assets.xcassets */; };
		93FA2E711F87FE7D006B9434 /* LaunchScreen.storyboard in Resources */ = {isa = PBXBuildFile; fileRef = 93FA2E6F1F87FE7D006B9434 /* LaunchScreen.storyboard */; };
		93FA2E791F87FEA7006B9434 /* LoginView.swift in Sources */ = {isa = PBXBuildFile; fileRef = 93FA2E781F87FEA7006B9434 /* LoginView.swift */; };
		93FA2E7B1F87FEB4006B9434 /* LoginView.xib in Resources */ = {isa = PBXBuildFile; fileRef = 93FA2E7A1F87FEB4006B9434 /* LoginView.xib */; };
		AF4198A5F61C5726AF7DF9AD /* Pods_SecretDiary.framework in Frameworks */ = {isa = PBXBuildFile; fileRef = 5223584D83E528373E9D98AF /* Pods_SecretDiary.framework */; };
/* End PBXBuildFile section */

/* Begin PBXFileReference section */
		121D0D61193612C493E0CACB /* Pods-SecretDiary.debug.xcconfig */ = {isa = PBXFileReference; includeInIndex = 1; lastKnownFileType = text.xcconfig; name = "Pods-SecretDiary.debug.xcconfig"; path = "Pods/Target Support Files/Pods-SecretDiary/Pods-SecretDiary.debug.xcconfig"; sourceTree = "<group>"; };
		28DBC3DCF7D738AD79DBA243 /* Pods-SecretDiary.release.xcconfig */ = {isa = PBXFileReference; includeInIndex = 1; lastKnownFileType = text.xcconfig; name = "Pods-SecretDiary.release.xcconfig"; path = "Pods/Target Support Files/Pods-SecretDiary/Pods-SecretDiary.release.xcconfig"; sourceTree = "<group>"; };
		5223584D83E528373E9D98AF /* Pods_SecretDiary.framework */ = {isa = PBXFileReference; explicitFileType = wrapper.framework; includeInIndex = 0; path = Pods_SecretDiary.framework; sourceTree = BUILT_PRODUCTS_DIR; };
		9306D9A91F88E4100012701C /* LoginManager.swift */ = {isa = PBXFileReference; lastKnownFileType = sourcecode.swift; path = LoginManager.swift; sourceTree = "<group>"; };
		9306D9AC1F88EB610012701C /* LoginRouter.swift */ = {isa = PBXFileReference; lastKnownFileType = sourcecode.swift; path = LoginRouter.swift; sourceTree = "<group>"; };
		9306D9B11F89133C0012701C /* FBLoginClient.swift */ = {isa = PBXFileReference; lastKnownFileType = sourcecode.swift; path = FBLoginClient.swift; sourceTree = "<group>"; };
		9306D9B31F8913480012701C /* GoogleLoginClient.swift */ = {isa = PBXFileReference; lastKnownFileType = sourcecode.swift; path = GoogleLoginClient.swift; sourceTree = "<group>"; };
		9306D9B51F8915010012701C /* LoginClient.swift */ = {isa = PBXFileReference; lastKnownFileType = sourcecode.swift; path = LoginClient.swift; sourceTree = "<group>"; };
		9306D9B71F8919EE0012701C /* FBLoginDelegate.swift */ = {isa = PBXFileReference; lastKnownFileType = sourcecode.swift; path = FBLoginDelegate.swift; sourceTree = "<group>"; };
		9306D9B91F891D800012701C /* FirebaseLoginClient.swift */ = {isa = PBXFileReference; lastKnownFileType = sourcecode.swift; path = FirebaseLoginClient.swift; sourceTree = "<group>"; };
		9306D9BB1F89256E0012701C /* FirebaseLoginDelegate.swift */ = {isa = PBXFileReference; lastKnownFileType = sourcecode.swift; path = FirebaseLoginDelegate.swift; sourceTree = "<group>"; };
		9306D9BE1F892DEE0012701C /* GoogleService-Info.plist */ = {isa = PBXFileReference; fileEncoding = 4; lastKnownFileType = text.plist.xml; path = "GoogleService-Info.plist"; sourceTree = "<group>"; };
		9337D4AF1FA2D2E500975C9A /* AddDiaryViewController.swift */ = {isa = PBXFileReference; lastKnownFileType = sourcecode.swift; path = AddDiaryViewController.swift; sourceTree = "<group>"; };
		9337D4B01FA2D2E500975C9A /* AddDiaryViewController.xib */ = {isa = PBXFileReference; lastKnownFileType = file.xib; path = AddDiaryViewController.xib; sourceTree = "<group>"; };
		933E93441F8E096E00C69796 /* DiaryMenuViewController.swift */ = {isa = PBXFileReference; lastKnownFileType = sourcecode.swift; path = DiaryMenuViewController.swift; sourceTree = "<group>"; };
		933E93481F8E0A2C00C69796 /* User.swift */ = {isa = PBXFileReference; lastKnownFileType = sourcecode.swift; path = User.swift; sourceTree = "<group>"; };
		933E934A1F8E0A5A00C69796 /* Diary.swift */ = {isa = PBXFileReference; lastKnownFileType = sourcecode.swift; path = Diary.swift; sourceTree = "<group>"; };
		933E934D1F8E171100C69796 /* DiaryCollectionViewCell.swift */ = {isa = PBXFileReference; lastKnownFileType = sourcecode.swift; path = DiaryCollectionViewCell.swift; sourceTree = "<group>"; };
		933E934E1F8E171100C69796 /* DiaryCollectionViewCell.xib */ = {isa = PBXFileReference; lastKnownFileType = file.xib; path = DiaryCollectionViewCell.xib; sourceTree = "<group>"; };
		936F3B1E1F9DFA5600E90859 /* LineLayout.swift */ = {isa = PBXFileReference; lastKnownFileType = sourcecode.swift; path = LineLayout.swift; sourceTree = "<group>"; };
		93FA2E631F87FE7D006B9434 /* SecretDiary.app */ = {isa = PBXFileReference; explicitFileType = wrapper.application; includeInIndex = 0; path = SecretDiary.app; sourceTree = BUILT_PRODUCTS_DIR; };
		93FA2E661F87FE7D006B9434 /* AppDelegate.swift */ = {isa = PBXFileReference; lastKnownFileType = sourcecode.swift; path = AppDelegate.swift; sourceTree = "<group>"; };
		93FA2E681F87FE7D006B9434 /* LoginViewController.swift */ = {isa = PBXFileReference; lastKnownFileType = sourcecode.swift; path = LoginViewController.swift; sourceTree = "<group>"; };
		93FA2E6B1F87FE7D006B9434 /* Base */ = {isa = PBXFileReference; lastKnownFileType = file.storyboard; name = Base; path = Base.lproj/Main.storyboard; sourceTree = "<group>"; };
		93FA2E6D1F87FE7D006B9434 /* Assets.xcassets */ = {isa = PBXFileReference; lastKnownFileType = folder.assetcatalog; path = Assets.xcassets; sourceTree = "<group>"; };
		93FA2E701F87FE7D006B9434 /* Base */ = {isa = PBXFileReference; lastKnownFileType = file.storyboard; name = Base; path = Base.lproj/LaunchScreen.storyboard; sourceTree = "<group>"; };
		93FA2E721F87FE7D006B9434 /* Info.plist */ = {isa = PBXFileReference; lastKnownFileType = text.plist.xml; path = Info.plist; sourceTree = "<group>"; };
		93FA2E781F87FEA7006B9434 /* LoginView.swift */ = {isa = PBXFileReference; lastKnownFileType = sourcecode.swift; path = LoginView.swift; sourceTree = "<group>"; };
		93FA2E7A1F87FEB4006B9434 /* LoginView.xib */ = {isa = PBXFileReference; lastKnownFileType = file.xib; path = LoginView.xib; sourceTree = "<group>"; };
/* End PBXFileReference section */

/* Begin PBXFrameworksBuildPhase section */
		93FA2E601F87FE7D006B9434 /* Frameworks */ = {
			isa = PBXFrameworksBuildPhase;
			buildActionMask = 2147483647;
			files = (
				AF4198A5F61C5726AF7DF9AD /* Pods_SecretDiary.framework in Frameworks */,
			);
			runOnlyForDeploymentPostprocessing = 0;
		};
/* End PBXFrameworksBuildPhase section */

/* Begin PBXGroup section */
		10E2D5EC507AA71C6034D3C3 /* Pods */ = {
			isa = PBXGroup;
			children = (
				121D0D61193612C493E0CACB /* Pods-SecretDiary.debug.xcconfig */,
				28DBC3DCF7D738AD79DBA243 /* Pods-SecretDiary.release.xcconfig */,
			);
			name = Pods;
			sourceTree = "<group>";
		};
		68831D93B8B5248D533EBDF6 /* Frameworks */ = {
			isa = PBXGroup;
			children = (
				5223584D83E528373E9D98AF /* Pods_SecretDiary.framework */,
			);
			name = Frameworks;
			sourceTree = "<group>";
		};
		9306D9AB1F88EB3D0012701C /* LoginAPI */ = {
			isa = PBXGroup;
			children = (
				9306D9A91F88E4100012701C /* LoginManager.swift */,
				9306D9AC1F88EB610012701C /* LoginRouter.swift */,
			);
			path = LoginAPI;
			sourceTree = "<group>";
		};
		9306D9AF1F8909C50012701C /* View */ = {
			isa = PBXGroup;
			children = (
				93170ABA1FA2563500E45ED0 /* AddDiaryView */,
				936F3B1D1F9DFA1C00E90859 /* DiaryCollectionViewLayout */,
				933E934C1F8E16C600C69796 /* DiaryCell */,
				933E93431F8E092200C69796 /* Login */,
				93FA2E6A1F87FE7D006B9434 /* Main.storyboard */,
				93FA2E6F1F87FE7D006B9434 /* LaunchScreen.storyboard */,
			);
			path = View;
			sourceTree = "<group>";
		};
		9306D9B01F8912C40012701C /* LoginClient */ = {
			isa = PBXGroup;
			children = (
				9306D9B51F8915010012701C /* LoginClient.swift */,
				9306D9B11F89133C0012701C /* FBLoginClient.swift */,
				9306D9B71F8919EE0012701C /* FBLoginDelegate.swift */,
				9306D9B31F8913480012701C /* GoogleLoginClient.swift */,
				9306D9B91F891D800012701C /* FirebaseLoginClient.swift */,
				9306D9BB1F89256E0012701C /* FirebaseLoginDelegate.swift */,
			);
			path = LoginClient;
			sourceTree = "<group>";
		};
		93170ABA1FA2563500E45ED0 /* AddDiaryView */ = {
			isa = PBXGroup;
			children = (
				9337D4B01FA2D2E500975C9A /* AddDiaryViewController.xib */,
			);
			path = AddDiaryView;
			sourceTree = "<group>";
		};
		933E93411F8E08E700C69796 /* Model */ = {
			isa = PBXGroup;
			children = (
				933E93471F8E0A2100C69796 /* UserModel */,
				933E93461F8E0A1200C69796 /* DiaryModel */,
				9306D9B01F8912C40012701C /* LoginClient */,
				9306D9AB1F88EB3D0012701C /* LoginAPI */,
			);
			path = Model;
			sourceTree = "<group>";
		};
		933E93421F8E090800C69796 /* ViewController */ = {
			isa = PBXGroup;
			children = (
				93FA2E681F87FE7D006B9434 /* LoginViewController.swift */,
				933E93441F8E096E00C69796 /* DiaryMenuViewController.swift */,
				9337D4AF1FA2D2E500975C9A /* AddDiaryViewController.swift */,
			);
			path = ViewController;
			sourceTree = "<group>";
		};
		933E93431F8E092200C69796 /* Login */ = {
			isa = PBXGroup;
			children = (
				93FA2E7A1F87FEB4006B9434 /* LoginView.xib */,
				93FA2E781F87FEA7006B9434 /* LoginView.swift */,
			);
			path = Login;
			sourceTree = "<group>";
		};
		933E93461F8E0A1200C69796 /* DiaryModel */ = {
			isa = PBXGroup;
			children = (
				933E934A1F8E0A5A00C69796 /* Diary.swift */,
			);
			path = DiaryModel;
			sourceTree = "<group>";
		};
		933E93471F8E0A2100C69796 /* UserModel */ = {
			isa = PBXGroup;
			children = (
				933E93481F8E0A2C00C69796 /* User.swift */,
			);
			path = UserModel;
			sourceTree = "<group>";
		};
		933E934C1F8E16C600C69796 /* DiaryCell */ = {
			isa = PBXGroup;
			children = (
				933E934D1F8E171100C69796 /* DiaryCollectionViewCell.swift */,
				933E934E1F8E171100C69796 /* DiaryCollectionViewCell.xib */,
			);
			path = DiaryCell;
			sourceTree = "<group>";
		};
		936F3B1D1F9DFA1C00E90859 /* DiaryCollectionViewLayout */ = {
			isa = PBXGroup;
			children = (
				936F3B1E1F9DFA5600E90859 /* LineLayout.swift */,
			);
			path = DiaryCollectionViewLayout;
			sourceTree = "<group>";
		};
		93FA2E5A1F87FE7D006B9434 = {
			isa = PBXGroup;
			children = (
				93FA2E651F87FE7D006B9434 /* SecretDiary */,
				93FA2E641F87FE7D006B9434 /* Products */,
				10E2D5EC507AA71C6034D3C3 /* Pods */,
				68831D93B8B5248D533EBDF6 /* Frameworks */,
			);
			sourceTree = "<group>";
		};
		93FA2E641F87FE7D006B9434 /* Products */ = {
			isa = PBXGroup;
			children = (
				93FA2E631F87FE7D006B9434 /* SecretDiary.app */,
			);
			name = Products;
			sourceTree = "<group>";
		};
		93FA2E651F87FE7D006B9434 /* SecretDiary */ = {
			isa = PBXGroup;
			children = (
				93FA2E661F87FE7D006B9434 /* AppDelegate.swift */,
				933E93421F8E090800C69796 /* ViewController */,
				933E93411F8E08E700C69796 /* Model */,
				9306D9AF1F8909C50012701C /* View */,
				93FA2E6D1F87FE7D006B9434 /* Assets.xcassets */,
				93FA2E721F87FE7D006B9434 /* Info.plist */,
				9306D9BE1F892DEE0012701C /* GoogleService-Info.plist */,
			);
			path = SecretDiary;
			sourceTree = "<group>";
		};
/* End PBXGroup section */

/* Begin PBXNativeTarget section */
		93FA2E621F87FE7D006B9434 /* SecretDiary */ = {
			isa = PBXNativeTarget;
			buildConfigurationList = 93FA2E751F87FE7D006B9434 /* Build configuration list for PBXNativeTarget "SecretDiary" */;
			buildPhases = (
				B130CDA242107CA01FA7F3C0 /* [CP] Check Pods Manifest.lock */,
				93FA2E5F1F87FE7D006B9434 /* Sources */,
				93FA2E601F87FE7D006B9434 /* Frameworks */,
				93FA2E611F87FE7D006B9434 /* Resources */,
				A894BEDADBD6A83D654FECE6 /* [CP] Embed Pods Frameworks */,
				A3F215C216DEDB86A4507214 /* [CP] Copy Pods Resources */,
			);
			buildRules = (
			);
			dependencies = (
			);
			name = SecretDiary;
			productName = SecretDiary;
			productReference = 93FA2E631F87FE7D006B9434 /* SecretDiary.app */;
			productType = "com.apple.product-type.application";
		};
/* End PBXNativeTarget section */

/* Begin PBXProject section */
		93FA2E5B1F87FE7D006B9434 /* Project object */ = {
			isa = PBXProject;
			attributes = {
				LastSwiftUpdateCheck = 0900;
				LastUpgradeCheck = 0900;
				ORGANIZATIONNAME = "Ｍason Chang";
				TargetAttributes = {
					93FA2E621F87FE7D006B9434 = {
						CreatedOnToolsVersion = 9.0;
						ProvisioningStyle = Automatic;
					};
				};
			};
			buildConfigurationList = 93FA2E5E1F87FE7D006B9434 /* Build configuration list for PBXProject "SecretDiary" */;
			compatibilityVersion = "Xcode 8.0";
			developmentRegion = en;
			hasScannedForEncodings = 0;
			knownRegions = (
				en,
				Base,
			);
			mainGroup = 93FA2E5A1F87FE7D006B9434;
			productRefGroup = 93FA2E641F87FE7D006B9434 /* Products */;
			projectDirPath = "";
			projectRoot = "";
			targets = (
				93FA2E621F87FE7D006B9434 /* SecretDiary */,
			);
		};
/* End PBXProject section */

/* Begin PBXResourcesBuildPhase section */
		93FA2E611F87FE7D006B9434 /* Resources */ = {
			isa = PBXResourcesBuildPhase;
			buildActionMask = 2147483647;
			files = (
				93FA2E711F87FE7D006B9434 /* LaunchScreen.storyboard in Resources */,
				93FA2E6E1F87FE7D006B9434 /* Assets.xcassets in Resources */,
				9306D9BF1F892DEE0012701C /* GoogleService-Info.plist in Resources */,
				93FA2E7B1F87FEB4006B9434 /* LoginView.xib in Resources */,
				933E93501F8E171100C69796 /* DiaryCollectionViewCell.xib in Resources */,
				9337D4B21FA2D2E500975C9A /* AddDiaryViewController.xib in Resources */,
				93FA2E6C1F87FE7D006B9434 /* Main.storyboard in Resources */,
			);
			runOnlyForDeploymentPostprocessing = 0;
		};
/* End PBXResourcesBuildPhase section */

/* Begin PBXShellScriptBuildPhase section */
		A3F215C216DEDB86A4507214 /* [CP] Copy Pods Resources */ = {
			isa = PBXShellScriptBuildPhase;
			buildActionMask = 2147483647;
			files = (
			);
			inputPaths = (
			);
			name = "[CP] Copy Pods Resources";
			outputPaths = (
			);
			runOnlyForDeploymentPostprocessing = 0;
			shellPath = /bin/sh;
			shellScript = "\"${SRCROOT}/Pods/Target Support Files/Pods-SecretDiary/Pods-SecretDiary-resources.sh\"\n";
			showEnvVarsInLog = 0;
		};
		A894BEDADBD6A83D654FECE6 /* [CP] Embed Pods Frameworks */ = {
			isa = PBXShellScriptBuildPhase;
			buildActionMask = 2147483647;
			files = (
			);
			inputPaths = (
			);
			name = "[CP] Embed Pods Frameworks";
			outputPaths = (
			);
			runOnlyForDeploymentPostprocessing = 0;
			shellPath = /bin/sh;
			shellScript = "\"${SRCROOT}/Pods/Target Support Files/Pods-SecretDiary/Pods-SecretDiary-frameworks.sh\"\n";
			showEnvVarsInLog = 0;
		};
		B130CDA242107CA01FA7F3C0 /* [CP] Check Pods Manifest.lock */ = {
			isa = PBXShellScriptBuildPhase;
			buildActionMask = 2147483647;
			files = (
			);
			inputPaths = (
			);
			name = "[CP] Check Pods Manifest.lock";
			outputPaths = (
			);
			runOnlyForDeploymentPostprocessing = 0;
			shellPath = /bin/sh;
			shellScript = "diff \"${PODS_PODFILE_DIR_PATH}/Podfile.lock\" \"${PODS_ROOT}/Manifest.lock\" > /dev/null\nif [ $? != 0 ] ; then\n    # print error to STDERR\n    echo \"error: The sandbox is not in sync with the Podfile.lock. Run 'pod install' or update your CocoaPods installation.\" >&2\n    exit 1\nfi\n";
			showEnvVarsInLog = 0;
		};
/* End PBXShellScriptBuildPhase section */

/* Begin PBXSourcesBuildPhase section */
		93FA2E5F1F87FE7D006B9434 /* Sources */ = {
			isa = PBXSourcesBuildPhase;
			buildActionMask = 2147483647;
			files = (
				933E93491F8E0A2C00C69796 /* User.swift in Sources */,
				936F3B1F1F9DFA5600E90859 /* LineLayout.swift in Sources */,
				9306D9BC1F89256E0012701C /* FirebaseLoginDelegate.swift in Sources */,
				933E93451F8E096E00C69796 /* DiaryMenuViewController.swift in Sources */,
				9306D9B41F8913480012701C /* GoogleLoginClient.swift in Sources */,
				933E934F1F8E171100C69796 /* DiaryCollectionViewCell.swift in Sources */,
				93FA2E791F87FEA7006B9434 /* LoginView.swift in Sources */,
				9306D9AA1F88E4100012701C /* LoginManager.swift in Sources */,
				9306D9B21F89133C0012701C /* FBLoginClient.swift in Sources */,
				933E934B1F8E0A5A00C69796 /* Diary.swift in Sources */,
				9306D9B61F8915010012701C /* LoginClient.swift in Sources */,
				93FA2E691F87FE7D006B9434 /* LoginViewController.swift in Sources */,
				9337D4B11FA2D2E500975C9A /* AddDiaryViewController.swift in Sources */,
				9306D9AD1F88EB610012701C /* LoginRouter.swift in Sources */,
				93FA2E671F87FE7D006B9434 /* AppDelegate.swift in Sources */,
				9306D9B81F8919EE0012701C /* FBLoginDelegate.swift in Sources */,
				9306D9BA1F891D800012701C /* FirebaseLoginClient.swift in Sources */,
			);
			runOnlyForDeploymentPostprocessing = 0;
		};
/* End PBXSourcesBuildPhase section */

/* Begin PBXVariantGroup section */
		93FA2E6A1F87FE7D006B9434 /* Main.storyboard */ = {
			isa = PBXVariantGroup;
			children = (
				93FA2E6B1F87FE7D006B9434 /* Base */,
			);
			name = Main.storyboard;
			sourceTree = "<group>";
		};
		93FA2E6F1F87FE7D006B9434 /* LaunchScreen.storyboard */ = {
			isa = PBXVariantGroup;
			children = (
				93FA2E701F87FE7D006B9434 /* Base */,
			);
			name = LaunchScreen.storyboard;
			sourceTree = "<group>";
		};
/* End PBXVariantGroup section */

/* Begin XCBuildConfiguration section */
		93FA2E731F87FE7D006B9434 /* Debug */ = {
			isa = XCBuildConfiguration;
			buildSettings = {
				ALWAYS_SEARCH_USER_PATHS = NO;
				CLANG_ANALYZER_NONNULL = YES;
				CLANG_ANALYZER_NUMBER_OBJECT_CONVERSION = YES_AGGRESSIVE;
				CLANG_CXX_LANGUAGE_STANDARD = "gnu++14";
				CLANG_CXX_LIBRARY = "libc++";
				CLANG_ENABLE_MODULES = YES;
				CLANG_ENABLE_OBJC_ARC = YES;
				CLANG_WARN_BLOCK_CAPTURE_AUTORELEASING = YES;
				CLANG_WARN_BOOL_CONVERSION = YES;
				CLANG_WARN_COMMA = YES;
				CLANG_WARN_CONSTANT_CONVERSION = YES;
				CLANG_WARN_DIRECT_OBJC_ISA_USAGE = YES_ERROR;
				CLANG_WARN_DOCUMENTATION_COMMENTS = YES;
				CLANG_WARN_EMPTY_BODY = YES;
				CLANG_WARN_ENUM_CONVERSION = YES;
				CLANG_WARN_INFINITE_RECURSION = YES;
				CLANG_WARN_INT_CONVERSION = YES;
				CLANG_WARN_NON_LITERAL_NULL_CONVERSION = YES;
				CLANG_WARN_OBJC_LITERAL_CONVERSION = YES;
				CLANG_WARN_OBJC_ROOT_CLASS = YES_ERROR;
				CLANG_WARN_RANGE_LOOP_ANALYSIS = YES;
				CLANG_WARN_STRICT_PROTOTYPES = YES;
				CLANG_WARN_SUSPICIOUS_MOVE = YES;
				CLANG_WARN_UNGUARDED_AVAILABILITY = YES_AGGRESSIVE;
				CLANG_WARN_UNREACHABLE_CODE = YES;
				CLANG_WARN__DUPLICATE_METHOD_MATCH = YES;
				CODE_SIGN_IDENTITY = "iPhone Developer";
				COPY_PHASE_STRIP = NO;
				DEBUG_INFORMATION_FORMAT = dwarf;
				ENABLE_STRICT_OBJC_MSGSEND = YES;
				ENABLE_TESTABILITY = YES;
				GCC_C_LANGUAGE_STANDARD = gnu11;
				GCC_DYNAMIC_NO_PIC = NO;
				GCC_NO_COMMON_BLOCKS = YES;
				GCC_OPTIMIZATION_LEVEL = 0;
				GCC_PREPROCESSOR_DEFINITIONS = (
					"DEBUG=1",
					"$(inherited)",
				);
				GCC_WARN_64_TO_32_BIT_CONVERSION = YES;
				GCC_WARN_ABOUT_RETURN_TYPE = YES_ERROR;
				GCC_WARN_UNDECLARED_SELECTOR = YES;
				GCC_WARN_UNINITIALIZED_AUTOS = YES_AGGRESSIVE;
				GCC_WARN_UNUSED_FUNCTION = YES;
				GCC_WARN_UNUSED_VARIABLE = YES;
				IPHONEOS_DEPLOYMENT_TARGET = 11.0;
				MTL_ENABLE_DEBUG_INFO = YES;
				ONLY_ACTIVE_ARCH = YES;
				SDKROOT = iphoneos;
				SWIFT_ACTIVE_COMPILATION_CONDITIONS = DEBUG;
				SWIFT_OPTIMIZATION_LEVEL = "-Onone";
			};
			name = Debug;
		};
		93FA2E741F87FE7D006B9434 /* Release */ = {
			isa = XCBuildConfiguration;
			buildSettings = {
				ALWAYS_SEARCH_USER_PATHS = NO;
				CLANG_ANALYZER_NONNULL = YES;
				CLANG_ANALYZER_NUMBER_OBJECT_CONVERSION = YES_AGGRESSIVE;
				CLANG_CXX_LANGUAGE_STANDARD = "gnu++14";
				CLANG_CXX_LIBRARY = "libc++";
				CLANG_ENABLE_MODULES = YES;
				CLANG_ENABLE_OBJC_ARC = YES;
				CLANG_WARN_BLOCK_CAPTURE_AUTORELEASING = YES;
				CLANG_WARN_BOOL_CONVERSION = YES;
				CLANG_WARN_COMMA = YES;
				CLANG_WARN_CONSTANT_CONVERSION = YES;
				CLANG_WARN_DIRECT_OBJC_ISA_USAGE = YES_ERROR;
				CLANG_WARN_DOCUMENTATION_COMMENTS = YES;
				CLANG_WARN_EMPTY_BODY = YES;
				CLANG_WARN_ENUM_CONVERSION = YES;
				CLANG_WARN_INFINITE_RECURSION = YES;
				CLANG_WARN_INT_CONVERSION = YES;
				CLANG_WARN_NON_LITERAL_NULL_CONVERSION = YES;
				CLANG_WARN_OBJC_LITERAL_CONVERSION = YES;
				CLANG_WARN_OBJC_ROOT_CLASS = YES_ERROR;
				CLANG_WARN_RANGE_LOOP_ANALYSIS = YES;
				CLANG_WARN_STRICT_PROTOTYPES = YES;
				CLANG_WARN_SUSPICIOUS_MOVE = YES;
				CLANG_WARN_UNGUARDED_AVAILABILITY = YES_AGGRESSIVE;
				CLANG_WARN_UNREACHABLE_CODE = YES;
				CLANG_WARN__DUPLICATE_METHOD_MATCH = YES;
				CODE_SIGN_IDENTITY = "iPhone Developer";
				COPY_PHASE_STRIP = NO;
				DEBUG_INFORMATION_FORMAT = "dwarf-with-dsym";
				ENABLE_NS_ASSERTIONS = NO;
				ENABLE_STRICT_OBJC_MSGSEND = YES;
				GCC_C_LANGUAGE_STANDARD = gnu11;
				GCC_NO_COMMON_BLOCKS = YES;
				GCC_WARN_64_TO_32_BIT_CONVERSION = YES;
				GCC_WARN_ABOUT_RETURN_TYPE = YES_ERROR;
				GCC_WARN_UNDECLARED_SELECTOR = YES;
				GCC_WARN_UNINITIALIZED_AUTOS = YES_AGGRESSIVE;
				GCC_WARN_UNUSED_FUNCTION = YES;
				GCC_WARN_UNUSED_VARIABLE = YES;
				IPHONEOS_DEPLOYMENT_TARGET = 11.0;
				MTL_ENABLE_DEBUG_INFO = NO;
				SDKROOT = iphoneos;
				SWIFT_OPTIMIZATION_LEVEL = "-Owholemodule";
				VALIDATE_PRODUCT = YES;
			};
			name = Release;
		};
		93FA2E761F87FE7D006B9434 /* Debug */ = {
			isa = XCBuildConfiguration;
			baseConfigurationReference = 121D0D61193612C493E0CACB /* Pods-SecretDiary.debug.xcconfig */;
			buildSettings = {
				ASSETCATALOG_COMPILER_APPICON_NAME = AppIcon;
				CODE_SIGN_STYLE = Automatic;
				DEVELOPMENT_TEAM = NE9Q8DJEZN;
				INFOPLIST_FILE = SecretDiary/Info.plist;
				LD_RUNPATH_SEARCH_PATHS = "$(inherited) @executable_path/Frameworks";
				PRODUCT_BUNDLE_IDENTIFIER = com.masonchang.SecretDiary;
				PRODUCT_NAME = "$(TARGET_NAME)";
				SWIFT_VERSION = 4.0;
				TARGETED_DEVICE_FAMILY = "1,2";
			};
			name = Debug;
		};
		93FA2E771F87FE7D006B9434 /* Release */ = {
			isa = XCBuildConfiguration;
			baseConfigurationReference = 28DBC3DCF7D738AD79DBA243 /* Pods-SecretDiary.release.xcconfig */;
			buildSettings = {
				ASSETCATALOG_COMPILER_APPICON_NAME = AppIcon;
				CODE_SIGN_STYLE = Automatic;
				DEVELOPMENT_TEAM = NE9Q8DJEZN;
				INFOPLIST_FILE = SecretDiary/Info.plist;
				LD_RUNPATH_SEARCH_PATHS = "$(inherited) @executable_path/Frameworks";
				PRODUCT_BUNDLE_IDENTIFIER = com.masonchang.SecretDiary;
				PRODUCT_NAME = "$(TARGET_NAME)";
				SWIFT_VERSION = 4.0;
				TARGETED_DEVICE_FAMILY = "1,2";
			};
			name = Release;
		};
/* End XCBuildConfiguration section */

/* Begin XCConfigurationList section */
		93FA2E5E1F87FE7D006B9434 /* Build configuration list for PBXProject "SecretDiary" */ = {
			isa = XCConfigurationList;
			buildConfigurations = (
				93FA2E731F87FE7D006B9434 /* Debug */,
				93FA2E741F87FE7D006B9434 /* Release */,
			);
			defaultConfigurationIsVisible = 0;
			defaultConfigurationName = Release;
		};
		93FA2E751F87FE7D006B9434 /* Build configuration list for PBXNativeTarget "SecretDiary" */ = {
			isa = XCConfigurationList;
			buildConfigurations = (
				93FA2E761F87FE7D006B9434 /* Debug */,
				93FA2E771F87FE7D006B9434 /* Release */,
			);
			defaultConfigurationIsVisible = 0;
			defaultConfigurationName = Release;
		};
/* End XCConfigurationList section */
	};
	rootObject = 93FA2E5B1F87FE7D006B9434 /* Project object */;
}
